
Microsoft Visual Studio Solution File, Format Version 12.00
# Visual Studio 14
VisualStudioVersion = 14.0.25123.0
MinimumVisualStudioVersion = 10.0.40219.1
Project("{FAE04EC0-301F-11D3-BF4B-00C04F79EFBC}") = "TrabalhoFinal.UWP", "TrabalhoFinal\TrabalhoFinal.UWP\TrabalhoFinal.UWP.csproj", "{DBB89BA0-779A-46BF-9BF8-A2CD69243597}"
EndProject
Project("{FAE04EC0-301F-11D3-BF4B-00C04F79EFBC}") = "TrabalhoFinal", "TrabalhoFinal\TrabalhoFinal\TrabalhoFinal.csproj", "{1791E77D-FE6E-49ED-8C5C-7C643C54DD0B}"
EndProject
Global
	GlobalSection(SolutionConfigurationPlatforms) = preSolution
		Ad-Hoc|Any CPU = Ad-Hoc|Any CPU
		Ad-Hoc|ARM = Ad-Hoc|ARM
		Ad-Hoc|iPhone = Ad-Hoc|iPhone
		Ad-Hoc|iPhoneSimulator = Ad-Hoc|iPhoneSimulator
		Ad-Hoc|x64 = Ad-Hoc|x64
		Ad-Hoc|x86 = Ad-Hoc|x86
		AppStore|Any CPU = AppStore|Any CPU
		AppStore|ARM = AppStore|ARM
		AppStore|iPhone = AppStore|iPhone
		AppStore|iPhoneSimulator = AppStore|iPhoneSimulator
		AppStore|x64 = AppStore|x64
		AppStore|x86 = AppStore|x86
		Debug|Any CPU = Debug|Any CPU
		Debug|ARM = Debug|ARM
		Debug|iPhone = Debug|iPhone
		Debug|iPhoneSimulator = Debug|iPhoneSimulator
		Debug|x64 = Debug|x64
		Debug|x86 = Debug|x86
		Release|Any CPU = Release|Any CPU
		Release|ARM = Release|ARM
		Release|iPhone = Release|iPhone
		Release|iPhoneSimulator = Release|iPhoneSimulator
		Release|x64 = Release|x64
		Release|x86 = Release|x86
	EndGlobalSection
	GlobalSection(ProjectConfigurationPlatforms) = postSolution
		{DBB89BA0-779A-46BF-9BF8-A2CD69243597}.Ad-Hoc|Any CPU.ActiveCfg = Release|x86
		{DBB89BA0-779A-46BF-9BF8-A2CD69243597}.Ad-Hoc|Any CPU.Build.0 = Release|x86
		{DBB89BA0-779A-46BF-9BF8-A2CD69243597}.Ad-Hoc|Any CPU.Deploy.0 = Release|x86
		{DBB89BA0-779A-46BF-9BF8-A2CD69243597}.Ad-Hoc|ARM.ActiveCfg = Release|ARM
		{DBB89BA0-779A-46BF-9BF8-A2CD69243597}.Ad-Hoc|ARM.Build.0 = Release|ARM
		{DBB89BA0-779A-46BF-9BF8-A2CD69243597}.Ad-Hoc|ARM.Deploy.0 = Release|ARM
		{DBB89BA0-779A-46BF-9BF8-A2CD69243597}.Ad-Hoc|iPhone.ActiveCfg = Release|x86
		{DBB89BA0-779A-46BF-9BF8-A2CD69243597}.Ad-Hoc|iPhone.Build.0 = Release|x86
		{DBB89BA0-779A-46BF-9BF8-A2CD69243597}.Ad-Hoc|iPhone.Deploy.0 = Release|x86
		{DBB89BA0-779A-46BF-9BF8-A2CD69243597}.Ad-Hoc|iPhoneSimulator.ActiveCfg = Release|x86
		{DBB89BA0-779A-46BF-9BF8-A2CD69243597}.Ad-Hoc|iPhoneSimulator.Build.0 = Release|x86
		{DBB89BA0-779A-46BF-9BF8-A2CD69243597}.Ad-Hoc|iPhoneSimulator.Deploy.0 = Release|x86
		{DBB89BA0-779A-46BF-9BF8-A2CD69243597}.Ad-Hoc|x64.ActiveCfg = Release|x64
		{DBB89BA0-779A-46BF-9BF8-A2CD69243597}.Ad-Hoc|x64.Build.0 = Release|x64
		{DBB89BA0-779A-46BF-9BF8-A2CD69243597}.Ad-Hoc|x64.Deploy.0 = Release|x64
		{DBB89BA0-779A-46BF-9BF8-A2CD69243597}.Ad-Hoc|x86.ActiveCfg = Release|x86
		{DBB89BA0-779A-46BF-9BF8-A2CD69243597}.Ad-Hoc|x86.Build.0 = Release|x86
		{DBB89BA0-779A-46BF-9BF8-A2CD69243597}.Ad-Hoc|x86.Deploy.0 = Release|x86
		{DBB89BA0-779A-46BF-9BF8-A2CD69243597}.AppStore|Any CPU.ActiveCfg = Release|x86
		{DBB89BA0-779A-46BF-9BF8-A2CD69243597}.AppStore|Any CPU.Build.0 = Release|x86
		{DBB89BA0-779A-46BF-9BF8-A2CD69243597}.AppStore|Any CPU.Deploy.0 = Release|x86
		{DBB89BA0-779A-46BF-9BF8-A2CD69243597}.AppStore|ARM.ActiveCfg = Release|ARM
		{DBB89BA0-779A-46BF-9BF8-A2CD69243597}.AppStore|ARM.Build.0 = Release|ARM
		{DBB89BA0-779A-46BF-9BF8-A2CD69243597}.AppStore|ARM.Deploy.0 = Release|ARM
		{DBB89BA0-779A-46BF-9BF8-A2CD69243597}.AppStore|iPhone.ActiveCfg = Release|x86
		{DBB89BA0-779A-46BF-9BF8-A2CD69243597}.AppStore|iPhone.Build.0 = Release|x86
		{DBB89BA0-779A-46BF-9BF8-A2CD69243597}.AppStore|iPhone.Deploy.0 = Release|x86
		{DBB89BA0-779A-46BF-9BF8-A2CD69243597}.AppStore|iPhoneSimulator.ActiveCfg = Release|x86
		{DBB89BA0-779A-46BF-9BF8-A2CD69243597}.AppStore|iPhoneSimulator.Build.0 = Release|x86
		{DBB89BA0-779A-46BF-9BF8-A2CD69243597}.AppStore|iPhoneSimulator.Deploy.0 = Release|x86
		{DBB89BA0-779A-46BF-9BF8-A2CD69243597}.AppStore|x64.ActiveCfg = Release|x64
		{DBB89BA0-779A-46BF-9BF8-A2CD69243597}.AppStore|x64.Build.0 = Release|x64
		{DBB89BA0-779A-46BF-9BF8-A2CD69243597}.AppStore|x64.Deploy.0 = Release|x64
		{DBB89BA0-779A-46BF-9BF8-A2CD69243597}.AppStore|x86.ActiveCfg = Release|x86
		{DBB89BA0-779A-46BF-9BF8-A2CD69243597}.AppStore|x86.Build.0 = Release|x86
		{DBB89BA0-779A-46BF-9BF8-A2CD69243597}.AppStore|x86.Deploy.0 = Release|x86
		{DBB89BA0-779A-46BF-9BF8-A2CD69243597}.Debug|Any CPU.ActiveCfg = Debug|x86
		{DBB89BA0-779A-46BF-9BF8-A2CD69243597}.Debug|ARM.ActiveCfg = Debug|ARM
		{DBB89BA0-779A-46BF-9BF8-A2CD69243597}.Debug|ARM.Build.0 = Debug|ARM
		{DBB89BA0-779A-46BF-9BF8-A2CD69243597}.Debug|ARM.Deploy.0 = Debug|ARM
		{DBB89BA0-779A-46BF-9BF8-A2CD69243597}.Debug|iPhone.ActiveCfg = Debug|x86
		{DBB89BA0-779A-46BF-9BF8-A2CD69243597}.Debug|iPhoneSimulator.ActiveCfg = Debug|x86
		{DBB89BA0-779A-46BF-9BF8-A2CD69243597}.Debug|x64.ActiveCfg = Debug|x64
		{DBB89BA0-779A-46BF-9BF8-A2CD69243597}.Debug|x64.Build.0 = Debug|x64
		{DBB89BA0-779A-46BF-9BF8-A2CD69243597}.Debug|x64.Deploy.0 = Debug|x64
		{DBB89BA0-779A-46BF-9BF8-A2CD69243597}.Debug|x86.ActiveCfg = Debug|x86
		{DBB89BA0-779A-46BF-9BF8-A2CD69243597}.Debug|x86.Build.0 = Debug|x86
		{DBB89BA0-779A-46BF-9BF8-A2CD69243597}.Debug|x86.Deploy.0 = Debug|x86
		{DBB89BA0-779A-46BF-9BF8-A2CD69243597}.Release|Any CPU.ActiveCfg = Release|x86
		{DBB89BA0-779A-46BF-9BF8-A2CD69243597}.Release|ARM.ActiveCfg = Release|ARM
		{DBB89BA0-779A-46BF-9BF8-A2CD69243597}.Release|ARM.Build.0 = Release|ARM
		{DBB89BA0-779A-46BF-9BF8-A2CD69243597}.Release|ARM.Deploy.0 = Release|ARM
		{DBB89BA0-779A-46BF-9BF8-A2CD69243597}.Release|iPhone.ActiveCfg = Release|x86
		{DBB89BA0-779A-46BF-9BF8-A2CD69243597}.Release|iPhoneSimulator.ActiveCfg = Release|x86
		{DBB89BA0-779A-46BF-9BF8-A2CD69243597}.Release|x64.ActiveCfg = Release|x64
		{DBB89BA0-779A-46BF-9BF8-A2CD69243597}.Release|x64.Build.0 = Release|x64
		{DBB89BA0-779A-46BF-9BF8-A2CD69243597}.Release|x64.Deploy.0 = Release|x64
		{DBB89BA0-779A-46BF-9BF8-A2CD69243597}.Release|x86.ActiveCfg = Release|x86
		{DBB89BA0-779A-46BF-9BF8-A2CD69243597}.Release|x86.Build.0 = Release|x86
		{DBB89BA0-779A-46BF-9BF8-A2CD69243597}.Release|x86.Deploy.0 = Release|x86
		{1791E77D-FE6E-49ED-8C5C-7C643C54DD0B}.Ad-Hoc|Any CPU.ActiveCfg = Release|Any CPU
		{1791E77D-FE6E-49ED-8C5C-7C643C54DD0B}.Ad-Hoc|Any CPU.Build.0 = Release|Any CPU
		{1791E77D-FE6E-49ED-8C5C-7C643C54DD0B}.Ad-Hoc|ARM.ActiveCfg = Release|Any CPU
		{1791E77D-FE6E-49ED-8C5C-7C643C54DD0B}.Ad-Hoc|ARM.Build.0 = Release|Any CPU
		{1791E77D-FE6E-49ED-8C5C-7C643C54DD0B}.Ad-Hoc|iPhone.ActiveCfg = Release|Any CPU
		{1791E77D-FE6E-49ED-8C5C-7C643C54DD0B}.Ad-Hoc|iPhone.Build.0 = Release|Any CPU
		{1791E77D-FE6E-49ED-8C5C-7C643C54DD0B}.Ad-Hoc|iPhoneSimulator.ActiveCfg = Release|Any CPU
		{1791E77D-FE6E-49ED-8C5C-7C643C54DD0B}.Ad-Hoc|iPhoneSimulator.Build.0 = Release|Any CPU
		{1791E77D-FE6E-49ED-8C5C-7C643C54DD0B}.Ad-Hoc|x64.ActiveCfg = Release|Any CPU
		{1791E77D-FE6E-49ED-8C5C-7C643C54DD0B}.Ad-Hoc|x64.Build.0 = Release|Any CPU
		{1791E77D-FE6E-49ED-8C5C-7C643C54DD0B}.Ad-Hoc|x86.ActiveCfg = Release|Any CPU
		{1791E77D-FE6E-49ED-8C5C-7C643C54DD0B}.Ad-Hoc|x86.Build.0 = Release|Any CPU
		{1791E77D-FE6E-49ED-8C5C-7C643C54DD0B}.AppStore|Any CPU.ActiveCfg = Release|Any CPU
		{1791E77D-FE6E-49ED-8C5C-7C643C54DD0B}.AppStore|Any CPU.Build.0 = Release|Any CPU
		{1791E77D-FE6E-49ED-8C5C-7C643C54DD0B}.AppStore|ARM.ActiveCfg = Release|Any CPU
		{1791E77D-FE6E-49ED-8C5C-7C643C54DD0B}.AppStore|ARM.Build.0 = Release|Any CPU
		{1791E77D-FE6E-49ED-8C5C-7C643C54DD0B}.AppStore|iPhone.ActiveCfg = Release|Any CPU
		{1791E77D-FE6E-49ED-8C5C-7C643C54DD0B}.AppStore|iPhone.Build.0 = Release|Any CPU
		{1791E77D-FE6E-49ED-8C5C-7C643C54DD0B}.AppStore|iPhoneSimulator.ActiveCfg = Release|Any CPU
		{1791E77D-FE6E-49ED-8C5C-7C643C54DD0B}.AppStore|iPhoneSimulator.Build.0 = Release|Any CPU
		{1791E77D-FE6E-49ED-8C5C-7C643C54DD0B}.AppStore|x64.ActiveCfg = Release|Any CPU
		{1791E77D-FE6E-49ED-8C5C-7C643C54DD0B}.AppStore|x64.Build.0 = Release|Any CPU
		{1791E77D-FE6E-49ED-8C5C-7C643C54DD0B}.AppStore|x86.ActiveCfg = Release|Any CPU
		{1791E77D-FE6E-49ED-8C5C-7C643C54DD0B}.AppStore|x86.Build.0 = Release|Any CPU
		{1791E77D-FE6E-49ED-8C5C-7C643C54DD0B}.Debug|Any CPU.ActiveCfg = Debug|Any CPU
		{1791E77D-FE6E-49ED-8C5C-7C643C54DD0B}.Debug|Any CPU.Build.0 = Debug|Any CPU
		{1791E77D-FE6E-49ED-8C5C-7C643C54DD0B}.Debug|ARM.ActiveCfg = Debug|Any CPU
		{1791E77D-FE6E-49ED-8C5C-7C643C54DD0B}.Debug|ARM.Build.0 = Debug|Any CPU
		{1791E77D-FE6E-49ED-8C5C-7C643C54DD0B}.Debug|iPhone.ActiveCfg = Debug|Any CPU
		{1791E77D-FE6E-49ED-8C5C-7C643C54DD0B}.Debug|iPhone.Build.0 = Debug|Any CPU
		{1791E77D-FE6E-49ED-8C5C-7C643C54DD0B}.Debug|iPhoneSimulator.ActiveCfg = Debug|Any CPU
		{1791E77D-FE6E-49ED-8C5C-7C643C54DD0B}.Debug|iPhoneSimulator.Build.0 = Debug|Any CPU
		{1791E77D-FE6E-49ED-8C5C-7C643C54DD0B}.Debug|x64.ActiveCfg = Debug|Any CPU
		{1791E77D-FE6E-49ED-8C5C-7C643C54DD0B}.Debug|x64.Build.0 = Debug|Any CPU
		{1791E77D-FE6E-49ED-8C5C-7C643C54DD0B}.Debug|x86.ActiveCfg = Debug|Any CPU
		{1791E77D-FE6E-49ED-8C5C-7C643C54DD0B}.Debug|x86.Build.0 = Debug|Any CPU
		{1791E77D-FE6E-49ED-8C5C-7C643C54DD0B}.Release|Any CPU.ActiveCfg = Release|Any CPU
		{1791E77D-FE6E-49ED-8C5C-7C643C54DD0B}.Release|Any CPU.Build.0 = Release|Any CPU
		{1791E77D-FE6E-49ED-8C5C-7C643C54DD0B}.Release|ARM.ActiveCfg = Release|Any CPU
		{1791E77D-FE6E-49ED-8C5C-7C643C54DD0B}.Release|ARM.Build.0 = Release|Any CPU
		{1791E77D-FE6E-49ED-8C5C-7C643C54DD0B}.Release|iPhone.ActiveCfg = Release|Any CPU
		{1791E77D-FE6E-49ED-8C5C-7C643C54DD0B}.Release|iPhone.Build.0 = Release|Any CPU
		{1791E77D-FE6E-49ED-8C5C-7C643C54DD0B}.Release|iPhoneSimulator.ActiveCfg = Release|Any CPU
		{1791E77D-FE6E-49ED-8C5C-7C643C54DD0B}.Release|iPhoneSimulator.Build.0 = Release|Any CPU
		{1791E77D-FE6E-49ED-8C5C-7C643C54DD0B}.Release|x64.ActiveCfg = Release|Any CPU
		{1791E77D-FE6E-49ED-8C5C-7C643C54DD0B}.Release|x64.Build.0 = Release|Any CPU
		{1791E77D-FE6E-49ED-8C5C-7C643C54DD0B}.Release|x86.ActiveCfg = Release|Any CPU
		{1791E77D-FE6E-49ED-8C5C-7C643C54DD0B}.Release|x86.Build.0 = Release|Any CPU
	EndGlobalSection
	GlobalSection(SolutionProperties) = preSolution
		HideSolutionNode = FALSE
	EndGlobalSection
EndGlobal
